# This file is automatically @generated by Cargo.
# It is not intended for manual editing.
version = 4

[[package]]
name = "fitsio-compat"
version = "0.1.0"
dependencies = [
 "fitsio-pure",
]

[[package]]
name = "fitsio-pure"
version = "0.1.0"

[[package]]
name = "fitsio-tools"
version = "0.1.0"
dependencies = [
 "fitsio-pure",
]
